
Microsoft Visual Studio Solution File, Format Version 12.00
# Visual Studio Version 16
VisualStudioVersion = 16.0.31729.503
MinimumVisualStudioVersion = 10.0.40219.1
Project("{FAE04EC0-301F-11D3-BF4B-00C04F79EFBC}") = "workjop", "workjop.csproj", "{29482B9A-D7D1-4344-8F1D-EE00D0AA4A7B}"
EndProject
Global
	GlobalSection(SolutionConfigurationPlatforms) = preSolution
		Debug|Any CPU = Debug|Any CPU
		Release|Any CPU = Release|Any CPU
	EndGlobalSection
	GlobalSection(ProjectConfigurationPlatforms) = postSolution
		{29482B9A-D7D1-4344-8F1D-EE00D0AA4A7B}.Debug|Any CPU.ActiveCfg = Debug|Any CPU
		{29482B9A-D7D1-4344-8F1D-EE00D0AA4A7B}.Debug|Any CPU.Build.0 = Debug|Any CPU
		{29482B9A-D7D1-4344-8F1D-EE00D0AA4A7B}.Release|Any CPU.ActiveCfg = Release|Any CPU
		{29482B9A-D7D1-4344-8F1D-EE00D0AA4A7B}.Release|Any CPU.Build.0 = Release|Any CPU
	EndGlobalSection
	GlobalSection(SolutionProperties) = preSolution
		HideSolutionNode = FALSE
	EndGlobalSection
	GlobalSection(ExtensibilityGlobals) = postSolution
		SolutionGuid = {D429BAE3-1C25-415C-99CE-EB9501AEEDB1}
	EndGlobalSection
EndGlobal
